
Microsoft Visual Studio Solution File, Format Version 12.00
# Visual Studio Version 16
VisualStudioVersion = 16.0.30907.101
MinimumVisualStudioVersion = 10.0.40219.1
Project("{8BC9CEB8-8B4A-11D0-8D11-00A0C91BC942}") = "Ex7_2", "Ex7_2\Ex7_2.vcxproj", "{58CA012D-69D8-495A-A7B7-3AF8D86B5794}"
EndProject
Global
	GlobalSection(SolutionConfigurationPlatforms) = preSolution
		Debug|x64 = Debug|x64
		Debug|x86 = Debug|x86
		Release|x64 = Release|x64
		Release|x86 = Release|x86
	EndGlobalSection
	GlobalSection(ProjectConfigurationPlatforms) = postSolution
		{58CA012D-69D8-495A-A7B7-3AF8D86B5794}.Debug|x64.ActiveCfg = Debug|x64
		{58CA012D-69D8-495A-A7B7-3AF8D86B5794}.Debug|x64.Build.0 = Debug|x64
		{58CA012D-69D8-495A-A7B7-3AF8D86B5794}.Debug|x86.ActiveCfg = Debug|Win32
		{58CA012D-69D8-495A-A7B7-3AF8D86B5794}.Debug|x86.Build.0 = Debug|Win32
		{58CA012D-69D8-495A-A7B7-3AF8D86B5794}.Release|x64.ActiveCfg = Release|x64
		{58CA012D-69D8-495A-A7B7-3AF8D86B5794}.Release|x64.Build.0 = Release|x64
		{58CA012D-69D8-495A-A7B7-3AF8D86B5794}.Release|x86.ActiveCfg = Release|Win32
		{58CA012D-69D8-495A-A7B7-3AF8D86B5794}.Release|x86.Build.0 = Release|Win32
	EndGlobalSection
	GlobalSection(SolutionProperties) = preSolution
		HideSolutionNode = FALSE
	EndGlobalSection
	GlobalSection(ExtensibilityGlobals) = postSolution
		SolutionGuid = {238F28B7-7985-4A0F-93FD-B7BD7D13DD26}
	EndGlobalSection
EndGlobal
