
Microsoft Visual Studio Solution File, Format Version 12.00
# Visual Studio Version 16
VisualStudioVersion = 16.0.30907.101
MinimumVisualStudioVersion = 10.0.40219.1
Project("{8BC9CEB8-8B4A-11D0-8D11-00A0C91BC942}") = "Ex5_3", "Ex5_3\Ex5_3.vcxproj", "{6EF33858-ACF3-4F9F-913F-0B9846495711}"
EndProject
Global
	GlobalSection(SolutionConfigurationPlatforms) = preSolution
		Debug|x64 = Debug|x64
		Debug|x86 = Debug|x86
		Release|x64 = Release|x64
		Release|x86 = Release|x86
	EndGlobalSection
	GlobalSection(ProjectConfigurationPlatforms) = postSolution
		{6EF33858-ACF3-4F9F-913F-0B9846495711}.Debug|x64.ActiveCfg = Debug|x64
		{6EF33858-ACF3-4F9F-913F-0B9846495711}.Debug|x64.Build.0 = Debug|x64
		{6EF33858-ACF3-4F9F-913F-0B9846495711}.Debug|x86.ActiveCfg = Debug|Win32
		{6EF33858-ACF3-4F9F-913F-0B9846495711}.Debug|x86.Build.0 = Debug|Win32
		{6EF33858-ACF3-4F9F-913F-0B9846495711}.Release|x64.ActiveCfg = Release|x64
		{6EF33858-ACF3-4F9F-913F-0B9846495711}.Release|x64.Build.0 = Release|x64
		{6EF33858-ACF3-4F9F-913F-0B9846495711}.Release|x86.ActiveCfg = Release|Win32
		{6EF33858-ACF3-4F9F-913F-0B9846495711}.Release|x86.Build.0 = Release|Win32
	EndGlobalSection
	GlobalSection(SolutionProperties) = preSolution
		HideSolutionNode = FALSE
	EndGlobalSection
	GlobalSection(ExtensibilityGlobals) = postSolution
		SolutionGuid = {E4010F7F-0191-4652-9AFC-CEB86A7A1AA1}
	EndGlobalSection
EndGlobal
