
Microsoft Visual Studio Solution File, Format Version 12.00
# Visual Studio Version 16
VisualStudioVersion = 16.0.30907.101
MinimumVisualStudioVersion = 10.0.40219.1
Project("{8BC9CEB8-8B4A-11D0-8D11-00A0C91BC942}") = "IAT Hooking", "IAT Hooking\IAT Hooking.vcxproj", "{DF790291-17F1-4934-9ED7-A0FA62520080}"
EndProject
Global
	GlobalSection(SolutionConfigurationPlatforms) = preSolution
		Debug|x64 = Debug|x64
		Debug|x86 = Debug|x86
		Release|x64 = Release|x64
		Release|x86 = Release|x86
	EndGlobalSection
	GlobalSection(ProjectConfigurationPlatforms) = postSolution
		{DF790291-17F1-4934-9ED7-A0FA62520080}.Debug|x64.ActiveCfg = Debug|x64
		{DF790291-17F1-4934-9ED7-A0FA62520080}.Debug|x64.Build.0 = Debug|x64
		{DF790291-17F1-4934-9ED7-A0FA62520080}.Debug|x86.ActiveCfg = Debug|Win32
		{DF790291-17F1-4934-9ED7-A0FA62520080}.Debug|x86.Build.0 = Debug|Win32
		{DF790291-17F1-4934-9ED7-A0FA62520080}.Release|x64.ActiveCfg = Release|x64
		{DF790291-17F1-4934-9ED7-A0FA62520080}.Release|x64.Build.0 = Release|x64
		{DF790291-17F1-4934-9ED7-A0FA62520080}.Release|x86.ActiveCfg = Release|Win32
		{DF790291-17F1-4934-9ED7-A0FA62520080}.Release|x86.Build.0 = Release|Win32
	EndGlobalSection
	GlobalSection(SolutionProperties) = preSolution
		HideSolutionNode = FALSE
	EndGlobalSection
	GlobalSection(ExtensibilityGlobals) = postSolution
		SolutionGuid = {D8A953E3-7C82-41C8-A480-22C791235CE1}
	EndGlobalSection
EndGlobal
