
Microsoft Visual Studio Solution File, Format Version 12.00
# Visual Studio Version 16
VisualStudioVersion = 16.0.30907.101
MinimumVisualStudioVersion = 10.0.40219.1
Project("{8BC9CEB8-8B4A-11D0-8D11-00A0C91BC942}") = "Ex5_2", "Ex5_2\Ex5_2.vcxproj", "{934067D8-B96E-4B1C-AC04-82E99448EF6D}"
EndProject
Global
	GlobalSection(SolutionConfigurationPlatforms) = preSolution
		Debug|x64 = Debug|x64
		Debug|x86 = Debug|x86
		Release|x64 = Release|x64
		Release|x86 = Release|x86
	EndGlobalSection
	GlobalSection(ProjectConfigurationPlatforms) = postSolution
		{934067D8-B96E-4B1C-AC04-82E99448EF6D}.Debug|x64.ActiveCfg = Debug|x64
		{934067D8-B96E-4B1C-AC04-82E99448EF6D}.Debug|x64.Build.0 = Debug|x64
		{934067D8-B96E-4B1C-AC04-82E99448EF6D}.Debug|x86.ActiveCfg = Debug|Win32
		{934067D8-B96E-4B1C-AC04-82E99448EF6D}.Debug|x86.Build.0 = Debug|Win32
		{934067D8-B96E-4B1C-AC04-82E99448EF6D}.Release|x64.ActiveCfg = Release|x64
		{934067D8-B96E-4B1C-AC04-82E99448EF6D}.Release|x64.Build.0 = Release|x64
		{934067D8-B96E-4B1C-AC04-82E99448EF6D}.Release|x86.ActiveCfg = Release|Win32
		{934067D8-B96E-4B1C-AC04-82E99448EF6D}.Release|x86.Build.0 = Release|Win32
	EndGlobalSection
	GlobalSection(SolutionProperties) = preSolution
		HideSolutionNode = FALSE
	EndGlobalSection
	GlobalSection(ExtensibilityGlobals) = postSolution
		SolutionGuid = {A922F1E0-4C7E-4652-87FC-9BA7FDFB9DAF}
	EndGlobalSection
EndGlobal
